
Microsoft Visual Studio Solution File, Format Version 12.00
# Visual Studio Version 17
VisualStudioVersion = 17.5.33516.290
MinimumVisualStudioVersion = 10.0.40219.1
Project("{9A19103F-16F7-4668-BE54-9A1E7A4F7556}") = "ShopAPI", "ShopAPI\ShopAPI.csproj", "{3E556AA4-C18B-4CE6-97C9-684496143FA6}"
	ProjectSection(ProjectDependencies) = postProject
		{2A6CAF71-460F-484D-9349-62C0D4443F84} = {2A6CAF71-460F-484D-9349-62C0D4443F84}
		{C4D25775-9DA5-4FD0-B6E2-E77E7DC0DA57} = {C4D25775-9DA5-4FD0-B6E2-E77E7DC0DA57}
	EndProjectSection
EndProject
Project("{9A19103F-16F7-4668-BE54-9A1E7A4F7556}") = "DAL", "DAL\DAL.csproj", "{C4D25775-9DA5-4FD0-B6E2-E77E7DC0DA57}"
EndProject
Project("{9A19103F-16F7-4668-BE54-9A1E7A4F7556}") = "Services", "Services\Services.csproj", "{2A6CAF71-460F-484D-9349-62C0D4443F84}"
	ProjectSection(ProjectDependencies) = postProject
		{C4D25775-9DA5-4FD0-B6E2-E77E7DC0DA57} = {C4D25775-9DA5-4FD0-B6E2-E77E7DC0DA57}
	EndProjectSection
EndProject
Global
	GlobalSection(SolutionConfigurationPlatforms) = preSolution
		Debug|Any CPU = Debug|Any CPU
		Release|Any CPU = Release|Any CPU
	EndGlobalSection
	GlobalSection(ProjectConfigurationPlatforms) = postSolution
		{3E556AA4-C18B-4CE6-97C9-684496143FA6}.Debug|Any CPU.ActiveCfg = Debug|Any CPU
		{3E556AA4-C18B-4CE6-97C9-684496143FA6}.Debug|Any CPU.Build.0 = Debug|Any CPU
		{3E556AA4-C18B-4CE6-97C9-684496143FA6}.Release|Any CPU.ActiveCfg = Release|Any CPU
		{3E556AA4-C18B-4CE6-97C9-684496143FA6}.Release|Any CPU.Build.0 = Release|Any CPU
		{C4D25775-9DA5-4FD0-B6E2-E77E7DC0DA57}.Debug|Any CPU.ActiveCfg = Debug|Any CPU
		{C4D25775-9DA5-4FD0-B6E2-E77E7DC0DA57}.Debug|Any CPU.Build.0 = Debug|Any CPU
		{C4D25775-9DA5-4FD0-B6E2-E77E7DC0DA57}.Release|Any CPU.ActiveCfg = Release|Any CPU
		{C4D25775-9DA5-4FD0-B6E2-E77E7DC0DA57}.Release|Any CPU.Build.0 = Release|Any CPU
		{2A6CAF71-460F-484D-9349-62C0D4443F84}.Debug|Any CPU.ActiveCfg = Debug|Any CPU
		{2A6CAF71-460F-484D-9349-62C0D4443F84}.Debug|Any CPU.Build.0 = Debug|Any CPU
		{2A6CAF71-460F-484D-9349-62C0D4443F84}.Release|Any CPU.ActiveCfg = Release|Any CPU
		{2A6CAF71-460F-484D-9349-62C0D4443F84}.Release|Any CPU.Build.0 = Release|Any CPU
	EndGlobalSection
	GlobalSection(SolutionProperties) = preSolution
		HideSolutionNode = FALSE
	EndGlobalSection
	GlobalSection(ExtensibilityGlobals) = postSolution
		SolutionGuid = {FD1AF489-EC98-45E8-9689-F0993F80DF7A}
	EndGlobalSection
EndGlobal
